PODS:
  - AparajitaCapacitorBiometricAuth (9.0.0):
    - Capacitor
  - Capacitor (7.4.4):
    - CapacitorCordova
  - CapacitorApp (7.1.0):
    - Capacitor
  - CapacitorCordova (7.4.4)
  - CapacitorHaptics (7.0.2):
    - Capacitor
  - CapacitorKeyboard (7.0.3):
    - Capacitor
  - CapacitorSplashScreen (7.0.3):
    - Capacitor
  - CapacitorStatusBar (7.0.3):
    - Capacitor

DEPENDENCIES:
  - AparajitaCapacitorBiometricAuth (from `../../..`)
  - "Capacitor (from `../../../node_modules/.pnpm/@capacitor+ios@7.4.4_@capacitor+core@7.4.4/node_modules/@capacitor/ios`)"
  - "CapacitorApp (from `../../../node_modules/.pnpm/@capacitor+app@7.1.0_@capacitor+core@7.4.4/node_modules/@capacitor/app`)"
  - "CapacitorCordova (from `../../../node_modules/.pnpm/@capacitor+ios@7.4.4_@capacitor+core@7.4.4/node_modules/@capacitor/ios`)"
  - "CapacitorHaptics (from `../../../node_modules/.pnpm/@capacitor+haptics@7.0.2_@capacitor+core@7.4.4/node_modules/@capacitor/haptics`)"
  - "CapacitorKeyboard (from `../../../node_modules/.pnpm/@capacitor+keyboard@7.0.3_@capacitor+core@7.4.4/node_modules/@capacitor/keyboard`)"
  - "CapacitorSplashScreen (from `../../../node_modules/.pnpm/@capacitor+splash-screen@7.0.3_@capacitor+core@7.4.4/node_modules/@capacitor/splash-screen`)"
  - "CapacitorStatusBar (from `../../../node_modules/.pnpm/@capacitor+status-bar@7.0.3_@capacitor+core@7.4.4/node_modules/@capacitor/status-bar`)"

EXTERNAL SOURCES:
  AparajitaCapacitorBiometricAuth:
    :path: "../../.."
  Capacitor:
    :path: "../../../node_modules/.pnpm/@capacitor+ios@7.4.4_@capacitor+core@7.4.4/node_modules/@capacitor/ios"
  CapacitorApp:
    :path: "../../../node_modules/.pnpm/@capacitor+app@7.1.0_@capacitor+core@7.4.4/node_modules/@capacitor/app"
  CapacitorCordova:
    :path: "../../../node_modules/.pnpm/@capacitor+ios@7.4.4_@capacitor+core@7.4.4/node_modules/@capacitor/ios"
  CapacitorHaptics:
    :path: "../../../node_modules/.pnpm/@capacitor+haptics@7.0.2_@capacitor+core@7.4.4/node_modules/@capacitor/haptics"
  CapacitorKeyboard:
    :path: "../../../node_modules/.pnpm/@capacitor+keyboard@7.0.3_@capacitor+core@7.4.4/node_modules/@capacitor/keyboard"
  CapacitorSplashScreen:
    :path: "../../../node_modules/.pnpm/@capacitor+splash-screen@7.0.3_@capacitor+core@7.4.4/node_modules/@capacitor/splash-screen"
  CapacitorStatusBar:
    :path: "../../../node_modules/.pnpm/@capacitor+status-bar@7.0.3_@capacitor+core@7.4.4/node_modules/@capacitor/status-bar"

SPEC CHECKSUMS:
  AparajitaCapacitorBiometricAuth: 037b2a1444b45c83ed69adb53db3240aa08e4906
  Capacitor: 358dd1c3fdd71d969547b17e159fd8a7736cb45f
  CapacitorApp: 26587c2ce485d88ddb39adb21cac64f8e481afe3
  CapacitorCordova: bf648a636f3c153f652d312ae145fb508b6ffced
  CapacitorHaptics: b3fb2869e72c4466e18ce9ccbeb60a3d8723b3d4
  CapacitorKeyboard: 62f36104f26d53d8b3a2a43f2a69fe714f1777d5
  CapacitorSplashScreen: e388b8e0ed0e982a9d3a40417f478e7a018a8763
  CapacitorStatusBar: 0659ddc7b1713764a05831463d215b177a15d054

PODFILE CHECKSUM: 359492b6f51ed1caac2894abaf54d50ad90b2552

COCOAPODS: 1.16.2
